schema: '2.0'
stages:
  prepare:
    cmd: python src/prepare.py data/data.csv
    deps:
    - path: data/data.csv
      hash: md5
      md5: 80ccab65fb115cbad143dbbd2bcd5577
      size: 460676
    - path: src/prepare.py
      hash: md5
      md5: 55cf6c60bb9d7c3c554f05403dbeecd5
      size: 1322
    outs:
    - path: data/prepare
      hash: md5
      md5: ea0a87c1180b071c223ed3d145d08e87.dir
      size: 446619
      nfiles: 1
  preprocessing:
    cmd: python src/preprocessing.py data/prepare/prepared_data.csv
    deps:
    - path: data/prepare
      hash: md5
      md5: ea0a87c1180b071c223ed3d145d08e87.dir
      size: 446619
      nfiles: 1
    - path: src/preprocessing.py
      hash: md5
      md5: 4ab922776daeee1bb39e0911eb64560d
      size: 4059
    params:
      params.yaml:
        preprocessing.seed: 42
        preprocessing.split: 0.2
    outs:
    - path: data/processed
      hash: md5
      md5: d951133e71daa0370e15548de9d88c6e.dir
      size: 2155681
      nfiles: 4
